# THIS IS AN AUTOGENERATED FILE. DO NOT EDIT THIS FILE DIRECTLY.
# yarn lockfile v1


"@fullhuman/postcss-purgecss@^3.0.0":
  version "3.1.3"
  resolved "https://registry.npmjs.org/@fullhuman/postcss-purgecss/-/postcss-purgecss-3.1.3.tgz"
  integrity sha512-kwOXw8fZ0Lt1QmeOOrd+o4Ibvp4UTEBFQbzvWldjlKv5n+G9sXfIPn1hh63IQIL8K8vbvv1oYMJiIUbuy9bGaA==
  dependencies:
    purgecss "^3.1.3"

"@next/env@12.2.5":
  version "12.2.5"
  resolved "https://registry.yarnpkg.com/@next/env/-/env-12.2.5.tgz#d908c57b35262b94db3e431e869b72ac3e1ad3e3"
  integrity sha512-vLPLV3cpPGjUPT3PjgRj7e3nio9t6USkuew3JE/jMeon/9Mvp1WyR18v3iwnCuX7eUAm1HmAbJHHLAbcu/EJcw==

"@next/swc-android-arm-eabi@12.2.5":
  version "12.2.5"
  resolved "https://registry.yarnpkg.com/@next/swc-android-arm-eabi/-/swc-android-arm-eabi-12.2.5.tgz#903a5479ab4c2705d9c08d080907475f7bacf94d"
  integrity sha512-cPWClKxGhgn2dLWnspW+7psl3MoLQUcNqJqOHk2BhNcou9ARDtC0IjQkKe5qcn9qg7I7U83Gp1yh2aesZfZJMA==

"@next/swc-android-arm64@12.2.5":
  version "12.2.5"
  resolved "https://registry.yarnpkg.com/@next/swc-android-arm64/-/swc-android-arm64-12.2.5.tgz#2f9a98ec4166c7860510963b31bda1f57a77c792"
  integrity sha512-vMj0efliXmC5b7p+wfcQCX0AfU8IypjkzT64GiKJD9PgiA3IILNiGJr1fw2lyUDHkjeWx/5HMlMEpLnTsQslwg==

"@next/swc-darwin-arm64@12.2.5":
  version "12.2.5"
  resolved "https://registry.yarnpkg.com/@next/swc-darwin-arm64/-/swc-darwin-arm64-12.2.5.tgz#31b1c3c659d54be546120c488a1e1bad21c24a1d"
  integrity sha512-VOPWbO5EFr6snla/WcxUKtvzGVShfs302TEMOtzYyWni6f9zuOetijJvVh9CCTzInnXAZMtHyNhefijA4HMYLg==

"@next/swc-darwin-x64@12.2.5":
  version "12.2.5"
  resolved "https://registry.yarnpkg.com/@next/swc-darwin-x64/-/swc-darwin-x64-12.2.5.tgz#2e44dd82b2b7fef88238d1bc4d3bead5884cedfd"
  integrity sha512-5o8bTCgAmtYOgauO/Xd27vW52G2/m3i5PX7MUYePquxXAnX73AAtqA3WgPXBRitEB60plSKZgOTkcpqrsh546A==

"@next/swc-freebsd-x64@12.2.5":
  version "12.2.5"
  resolved "https://registry.yarnpkg.com/@next/swc-freebsd-x64/-/swc-freebsd-x64-12.2.5.tgz#e24e75d8c2581bfebc75e4f08f6ddbd116ce9dbd"
  integrity sha512-yYUbyup1JnznMtEBRkK4LT56N0lfK5qNTzr6/DEyDw5TbFVwnuy2hhLBzwCBkScFVjpFdfiC6SQAX3FrAZzuuw==

"@next/swc-linux-arm-gnueabihf@12.2.5":
  version "12.2.5"
  resolved "https://registry.yarnpkg.com/@next/swc-linux-arm-gnueabihf/-/swc-linux-arm-gnueabihf-12.2.5.tgz#46d8c514d834d2b5f67086013f0bd5e3081e10b9"
  integrity sha512-2ZE2/G921Acks7UopJZVMgKLdm4vN4U0yuzvAMJ6KBavPzqESA2yHJlm85TV/K9gIjKhSk5BVtauIUntFRP8cg==

"@next/swc-linux-arm64-gnu@12.2.5":
  version "12.2.5"
  resolved "https://registry.yarnpkg.com/@next/swc-linux-arm64-gnu/-/swc-linux-arm64-gnu-12.2.5.tgz#91f725ac217d3a1f4f9f53b553615ba582fd3d9f"
  integrity sha512-/I6+PWVlz2wkTdWqhlSYYJ1pWWgUVva6SgX353oqTh8njNQp1SdFQuWDqk8LnM6ulheVfSsgkDzxrDaAQZnzjQ==

"@next/swc-linux-arm64-musl@12.2.5":
  version "12.2.5"
  resolved "https://registry.yarnpkg.com/@next/swc-linux-arm64-musl/-/swc-linux-arm64-musl-12.2.5.tgz#e627e8c867920995810250303cd9b8e963598383"
  integrity sha512-LPQRelfX6asXyVr59p5sTpx5l+0yh2Vjp/R8Wi4X9pnqcayqT4CUJLiHqCvZuLin3IsFdisJL0rKHMoaZLRfmg==

"@next/swc-linux-x64-gnu@12.2.5":
  version "12.2.5"
  resolved "https://registry.yarnpkg.com/@next/swc-linux-x64-gnu/-/swc-linux-x64-gnu-12.2.5.tgz#83a5e224fbc4d119ef2e0f29d0d79c40cc43887e"
  integrity sha512-0szyAo8jMCClkjNK0hknjhmAngUppoRekW6OAezbEYwHXN/VNtsXbfzgYOqjKWxEx3OoAzrT3jLwAF0HdX2MEw==

"@next/swc-linux-x64-musl@12.2.5":
  version "12.2.5"
  resolved "https://registry.yarnpkg.com/@next/swc-linux-x64-musl/-/swc-linux-x64-musl-12.2.5.tgz#be700d48471baac1ec2e9539396625584a317e95"
  integrity sha512-zg/Y6oBar1yVnW6Il1I/08/2ukWtOG6s3acdJdEyIdsCzyQi4RLxbbhkD/EGQyhqBvd3QrC6ZXQEXighQUAZ0g==

"@next/swc-win32-arm64-msvc@12.2.5":
  version "12.2.5"
  resolved "https://registry.yarnpkg.com/@next/swc-win32-arm64-msvc/-/swc-win32-arm64-msvc-12.2.5.tgz#a93e958133ad3310373fda33a79aa10af2a0aa97"
  integrity sha512-3/90DRNSqeeSRMMEhj4gHHQlLhhKg5SCCoYfE3kBjGpE63EfnblYUqsszGGZ9ekpKL/R4/SGB40iCQr8tR5Jiw==

"@next/swc-win32-ia32-msvc@12.2.5":
  version "12.2.5"
  resolved "https://registry.yarnpkg.com/@next/swc-win32-ia32-msvc/-/swc-win32-ia32-msvc-12.2.5.tgz#4f5f7ba0a98ff89a883625d4af0125baed8b2e19"
  integrity sha512-hGLc0ZRAwnaPL4ulwpp4D2RxmkHQLuI8CFOEEHdzZpS63/hMVzv81g8jzYA0UXbb9pus/iTc3VRbVbAM03SRrw==

"@next/swc-win32-x64-msvc@12.2.5":
  version "12.2.5"
  resolved "https://registry.yarnpkg.com/@next/swc-win32-x64-msvc/-/swc-win32-x64-msvc-12.2.5.tgz#20fed129b04a0d3f632c6d0de135345bb623b1e4"
  integrity sha512-7h5/ahY7NeaO2xygqVrSG/Y8Vs4cdjxIjowTZ5W6CKoTKn7tmnuxlUc2h74x06FKmbhAd9agOjr/AOKyxYYm9Q==

"@swc/helpers@0.4.3":
  version "0.4.3"
  resolved "https://registry.yarnpkg.com/@swc/helpers/-/helpers-0.4.3.tgz#16593dfc248c53b699d4b5026040f88ddb497012"
  integrity sha512-6JrF+fdUK2zbGpJIlN7G3v966PQjyx/dPt1T9km2wj+EUBqgrxCk3uX4Kct16MIm9gGxfKRcfax2hVf5jvlTzA==
  dependencies:
    tslib "^2.4.0"

"@tailwindcss/typography@^0.3.1":
  version "0.3.1"
  resolved "https://registry.npmjs.org/@tailwindcss/typography/-/typography-0.3.1.tgz"
  integrity sha512-HyZ+3Eay8SGaPq7kcFoANZLr4EjeXQ19yjjb9fp6B0PHHpvZoe00jdsnpnooMEbx9J5rQ93nxPUG3MQmXVxGMQ==

"@vercel/analytics@^0.1.6":
  version "0.1.6"
  resolved "https://registry.yarnpkg.com/@vercel/analytics/-/analytics-0.1.6.tgz#a1ce184168d8f5ec02e35ec954d84ee68ea01f4b"
  integrity sha512-zNd5pj3iDvq8IMBQHa1YRcIteiw6ZiPB8AsONHd8ieFXlNpLqhXfIYnf4WvTfZ7S1NSJ++mIM14aJnNac/VMXQ==

acorn-node@^1.6.1:
  version "1.8.2"
  resolved "https://registry.npmjs.org/acorn-node/-/acorn-node-1.8.2.tgz"
  integrity sha512-8mt+fslDufLYntIoPAaIMUe/lrbrehIiwmR3t2k9LljIzoigEPF27eLk2hy8zSGzmR/ogr7zbRKINMo1u0yh5A==
  dependencies:
    acorn "^7.0.0"
    acorn-walk "^7.0.0"
    xtend "^4.0.2"

acorn-walk@^7.0.0:
  version "7.2.0"
  resolved "https://registry.npmjs.org/acorn-walk/-/acorn-walk-7.2.0.tgz"
  integrity sha512-OPdCF6GsMIP+Az+aWfAAOEt2/+iVDKE7oy6lJ098aoe59oAmK76qV6Gw60SbZ8jHuG2wH058GF4pLFbYamYrVA==

acorn@^7.0.0:
  version "7.4.1"
  resolved "https://registry.npmjs.org/acorn/-/acorn-7.4.1.tgz"
  integrity sha512-nQyp0o1/mNdbTO1PO6kHkwSrmgZ0MT/jCCpNiwbUjGoRN4dlBhqJtoQuCnEOKzgTVwg0ZWiCoQy6SxMebQVh8A==

ansi-styles@^3.2.1:
  version "3.2.1"
  resolved "https://registry.npmjs.org/ansi-styles/-/ansi-styles-3.2.1.tgz"
  integrity sha512-VT0ZI6kZRdTh8YyJw3SMbYm/u+NqfsAxEpWO0Pf9sq8/e94WxxOpPKx9FR1FlyCtOVDNOQ+8ntlqFxiRc+r5qA==
  dependencies:
    color-convert "^1.9.0"

ansi-styles@^4.1.0:
  version "4.3.0"
  resolved "https://registry.npmjs.org/ansi-styles/-/ansi-styles-4.3.0.tgz"
  integrity sha512-zbB9rCJAT1rbjiVDb2hqKFHNYLxgtk8NURxZ3IZwD3F6NtxbXZQCnnSi1Lkx+IDohdPlFp222wVALIheZJQSEg==
  dependencies:
    color-convert "^2.0.1"

at-least-node@^1.0.0:
  version "1.0.0"
  resolved "https://registry.npmjs.org/at-least-node/-/at-least-node-1.0.0.tgz"
  integrity sha512-+q/t7Ekv1EDY2l6Gda6LLiX14rU9TV20Wa3ofeQmwPFZbOMo9DXrLbOjFaaclkXKWidIaopwAObQDqwWtGUjqg==

autoprefixer@^10.1.0:
  version "10.1.0"
  resolved "https://registry.npmjs.org/autoprefixer/-/autoprefixer-10.1.0.tgz"
  integrity sha512-0/lBNwN+ZUnb5su18NZo5MBIjDaq6boQKZcxwy86Gip/CmXA2zZqUoFQLCNAGI5P25ZWSP2RWdhDJ8osfKEjoQ==
  dependencies:
    browserslist "^4.15.0"
    caniuse-lite "^1.0.30001165"
    colorette "^1.2.1"
    fraction.js "^4.0.12"
    normalize-range "^0.1.2"
    postcss-value-parser "^4.1.0"

balanced-match@^1.0.0:
  version "1.0.0"
  resolved "https://registry.npmjs.org/balanced-match/-/balanced-match-1.0.0.tgz"
  integrity sha1-ibTRmasr7kneFk6gK4nORi1xt2c=

brace-expansion@^1.1.7:
  version "1.1.11"
  resolved "https://registry.npmjs.org/brace-expansion/-/brace-expansion-1.1.11.tgz"
  integrity sha512-iCuPHDFgrHX7H2vEI/5xpz07zSHB00TpugqhmYtVmMO6518mCuRMoOYFldEBl0g187ufozdaHgWKcYFb61qGiA==
  dependencies:
    balanced-match "^1.0.0"
    concat-map "0.0.1"

browserslist@^4.15.0:
  version "4.16.6"
  resolved "https://registry.npmjs.org/browserslist/-/browserslist-4.16.6.tgz"
  integrity sha512-Wspk/PqO+4W9qp5iUTJsa1B/QrYn1keNCcEP5OvP7WBwT4KaDly0uONYmC6Xa3Z5IqnUgS0KcgLYu1l74x0ZXQ==
  dependencies:
    caniuse-lite "^1.0.30001219"
    colorette "^1.2.2"
    electron-to-chromium "^1.3.723"
    escalade "^3.1.1"
    node-releases "^1.1.71"

bytes@^3.0.0:
  version "3.1.0"
  resolved "https://registry.npmjs.org/bytes/-/bytes-3.1.0.tgz"
  integrity sha512-zauLjrfCG+xvoyaqLoV8bLVXXNGC4JqlxFCutSDWA6fJrTo2ZuvLYTqZ7aHBLZSMOopbzwv8f+wZcVzfVTI2Dg==

camelcase-css@^2.0.1:
  version "2.0.1"
  resolved "https://registry.npmjs.org/camelcase-css/-/camelcase-css-2.0.1.tgz"
  integrity sha512-QOSvevhslijgYwRx6Rv7zKdMF8lbRmx+uQGx2+vDc+KI/eBnsy9kit5aj23AgGu3pa4t9AgwbnXWqS+iOY+2aA==

caniuse-lite@^1.0.30001165, caniuse-lite@^1.0.30001219:
  version "1.0.30001228"
  resolved "https://registry.npmjs.org/caniuse-lite/-/caniuse-lite-1.0.30001228.tgz"
  integrity sha512-QQmLOGJ3DEgokHbMSA8cj2a+geXqmnpyOFT0lhQV6P3/YOJvGDEwoedcwxEQ30gJIwIIunHIicunJ2rzK5gB2A==

caniuse-lite@^1.0.30001332:
  version "1.0.30001378"
  resolved "https://registry.yarnpkg.com/caniuse-lite/-/caniuse-lite-1.0.30001378.tgz#3d2159bf5a8f9ca093275b0d3ecc717b00f27b67"
  integrity sha512-JVQnfoO7FK7WvU4ZkBRbPjaot4+YqxogSDosHv0Hv5mWpUESmN+UubMU6L/hGz8QlQ2aY5U0vR6MOs6j/CXpNA==

chalk@^2.4.1:
  version "2.4.2"
  resolved "https://registry.npmjs.org/chalk/-/chalk-2.4.2.tgz"
  integrity sha512-Mti+f9lpJNcwF4tWV8/OrTTtF1gZi+f8FqlyAdouralcFWFQWF2+NgCHShjkCb+IFBLq9buZwE1xckQU4peSuQ==
  dependencies:
    ansi-styles "^3.2.1"
    escape-string-regexp "^1.0.5"
    supports-color "^5.3.0"

chalk@^4.1.0:
  version "4.1.0"
  resolved "https://registry.npmjs.org/chalk/-/chalk-4.1.0.tgz"
  integrity sha512-qwx12AxXe2Q5xQ43Ac//I6v5aXTipYrSESdOgzrN+9XjgEpyjpKuvSGaN4qE93f7TQTlerQQ8S+EQ0EyDoVL1A==
  dependencies:
    ansi-styles "^4.1.0"
    supports-color "^7.1.0"

color-convert@^1.9.0, color-convert@^1.9.1:
  version "1.9.3"
  resolved "https://registry.npmjs.org/color-convert/-/color-convert-1.9.3.tgz"
  integrity sha512-QfAUtd+vFdAtFQcC8CCyYt1fYWxSqAiK2cSD6zDB8N3cpsEBAvRxp9zOGg6G/SHHJYAT88/az/IuDGALsNVbGg==
  dependencies:
    color-name "1.1.3"

color-convert@^2.0.1:
  version "2.0.1"
  resolved "https://registry.npmjs.org/color-convert/-/color-convert-2.0.1.tgz"
  integrity sha512-RRECPsj7iu/xb5oKYcsFHSppFNnsj/52OVTRKb4zP5onXwVF3zVmmToNcOfGC+CRDpfK/U584fMg38ZHCaElKQ==
  dependencies:
    color-name "~1.1.4"

color-name@1.1.3, color-name@^1.0.0:
  version "1.1.3"
  resolved "https://registry.npmjs.org/color-name/-/color-name-1.1.3.tgz"
  integrity sha1-p9BVi9icQveV3UIyj3QIMcpTvCU=

color-name@~1.1.4:
  version "1.1.4"
  resolved "https://registry.npmjs.org/color-name/-/color-name-1.1.4.tgz"
  integrity sha512-dOy+3AuW3a2wNbZHIuMZpTcgjGuLU/uBL/ubcZF9OXbDo8ff4O8yVp5Bf0efS8uEoYo5q4Fx7dY9OgQGXgAsQA==

color-string@^1.5.4:
  version "1.5.4"
  resolved "https://registry.npmjs.org/color-string/-/color-string-1.5.4.tgz"
  integrity sha512-57yF5yt8Xa3czSEW1jfQDE79Idk0+AkN/4KWad6tbdxUmAs3MvjxlWSWD4deYytcRfoZ9nhKyFl1kj5tBvidbw==
  dependencies:
    color-name "^1.0.0"
    simple-swizzle "^0.2.2"

color@^3.1.3:
  version "3.1.3"
  resolved "https://registry.npmjs.org/color/-/color-3.1.3.tgz"
  integrity sha512-xgXAcTHa2HeFCGLE9Xs/R82hujGtu9Jd9x4NW3T34+OMs7VoPsjwzRczKHvTAHeJwWFwX5j15+MgAppE8ztObQ==
  dependencies:
    color-convert "^1.9.1"
    color-string "^1.5.4"

colorette@^1.2.1, colorette@^1.2.2:
  version "1.2.2"
  resolved "https://registry.npmjs.org/colorette/-/colorette-1.2.2.tgz"
  integrity sha512-MKGMzyfeuutC/ZJ1cba9NqcNpfeqMUcYmyF1ZFY6/Cn7CNSAKx6a+s48sqLqyAiZuaP2TcqMhoo+dlwFnVxT9w==

commander@^6.0.0:
  version "6.2.1"
  resolved "https://registry.npmjs.org/commander/-/commander-6.2.1.tgz"
  integrity sha512-U7VdrJFnJgo4xjrHpTzu0yrHPGImdsmD95ZlgYSEajAn2JKzDhDTPG9kBTefmObL2w/ngeZnilk+OV9CG3d7UA==

concat-map@0.0.1:
  version "0.0.1"
  resolved "https://registry.npmjs.org/concat-map/-/concat-map-0.0.1.tgz"
  integrity sha1-2Klr13/Wjfd5OnMDajug1UBdR3s=

css-unit-converter@^1.1.1:
  version "1.1.2"
  resolved "https://registry.npmjs.org/css-unit-converter/-/css-unit-converter-1.1.2.tgz"
  integrity sha512-IiJwMC8rdZE0+xiEZHeru6YoONC4rfPMqGm2W85jMIbkFvv5nFTwJVFHam2eFrN6txmoUYFAFXiv8ICVeTO0MA==

cssesc@^3.0.0:
  version "3.0.0"
  resolved "https://registry.npmjs.org/cssesc/-/cssesc-3.0.0.tgz"
  integrity sha512-/Tb/JcjK111nNScGob5MNtsntNM1aCNUDipB/TkwZFhyDrrE47SOx/18wF2bbjgc3ZzCSKW1T5nt5EbFoAz/Vg==

defined@^1.0.0:
  version "1.0.0"
  resolved "https://registry.npmjs.org/defined/-/defined-1.0.0.tgz"
  integrity sha1-yY2bzvdWdBiOEQlpFRGZ45sfppM=

detective@^5.2.0:
  version "5.2.0"
  resolved "https://registry.npmjs.org/detective/-/detective-5.2.0.tgz"
  integrity sha512-6SsIx+nUUbuK0EthKjv0zrdnajCCXVYGmbYYiYjFVpzcjwEs/JMDZ8tPRG29J/HhN56t3GJp2cGSWDRjjot8Pg==
  dependencies:
    acorn-node "^1.6.1"
    defined "^1.0.0"
    minimist "^1.1.1"

didyoumean@^1.2.1:
  version "1.2.1"
  resolved "https://registry.npmjs.org/didyoumean/-/didyoumean-1.2.1.tgz"
  integrity sha1-6S7f2tplN9SE1zwBcv0eugxJdv8=

electron-to-chromium@^1.3.723:
  version "1.3.735"
  resolved "https://registry.npmjs.org/electron-to-chromium/-/electron-to-chromium-1.3.735.tgz"
  integrity sha512-cp7MWzC3NseUJV2FJFgaiesdrS+A8ZUjX5fLAxdRlcaPDkaPGFplX930S5vf84yqDp4LjuLdKouWuVOTwUfqHQ==

escalade@^3.1.1:
  version "3.1.1"
  resolved "https://registry.npmjs.org/escalade/-/escalade-3.1.1.tgz"
  integrity sha512-k0er2gUkLf8O0zKJiAhmkTnJlTvINGv7ygDNPbeIsX/TJjGJZHuh9B2UxbsaEkmlEo9MfhrSzmhIlhRlI2GXnw==

escape-string-regexp@^1.0.5:
  version "1.0.5"
  resolved "https://registry.npmjs.org/escape-string-regexp/-/escape-string-regexp-1.0.5.tgz"
  integrity sha1-G2HAViGQqN/2rjuyzwIAyhMLhtQ=

fraction.js@^4.0.12:
  version "4.0.13"
  resolved "https://registry.npmjs.org/fraction.js/-/fraction.js-4.0.13.tgz"
  integrity sha512-E1fz2Xs9ltlUp+qbiyx9wmt2n9dRzPsS11Jtdb8D2o+cC7wr9xkkKsVKJuBX0ST+LVS+LhLO+SbLJNtfWcJvXA==

fs-extra@^9.0.1:
  version "9.0.1"
  resolved "https://registry.npmjs.org/fs-extra/-/fs-extra-9.0.1.tgz"
  integrity sha512-h2iAoN838FqAFJY2/qVpzFXy+EBxfVE220PalAqQLDVsFOHLJrZvut5puAbCdNv6WJk+B8ihI+k0c7JK5erwqQ==
  dependencies:
    at-least-node "^1.0.0"
    graceful-fs "^4.2.0"
    jsonfile "^6.0.1"
    universalify "^1.0.0"

fs.realpath@^1.0.0:
  version "1.0.0"
  resolved "https://registry.npmjs.org/fs.realpath/-/fs.realpath-1.0.0.tgz"
  integrity sha1-FQStJSMVjKpA20onh8sBQRmU6k8=

function-bind@^1.1.1:
  version "1.1.1"
  resolved "https://registry.npmjs.org/function-bind/-/function-bind-1.1.1.tgz"
  integrity sha512-yIovAzMX49sF8Yl58fSCWJ5svSLuaibPxXQJFLmBObTuCr0Mf1KiPopGM9NiFjiYBCbfaa2Fh6breQ6ANVTI0A==

glob@^7.0.0, glob@^7.1.2:
  version "7.1.6"
  resolved "https://registry.npmjs.org/glob/-/glob-7.1.6.tgz"
  integrity sha512-LwaxwyZ72Lk7vZINtNNrywX0ZuLyStrdDtabefZKAY5ZGJhVtgdznluResxNmPitE0SAO+O26sWTHeKSI2wMBA==
  dependencies:
    fs.realpath "^1.0.0"
    inflight "^1.0.4"
    inherits "2"
    minimatch "^3.0.4"
    once "^1.3.0"
    path-is-absolute "^1.0.0"

graceful-fs@^4.1.6, graceful-fs@^4.2.0:
  version "4.2.4"
  resolved "https://registry.npmjs.org/graceful-fs/-/graceful-fs-4.2.4.tgz"
  integrity sha512-WjKPNJF79dtJAVniUlGGWHYGz2jWxT6VhN/4m1NdkbZ2nOsEF+cI1Edgql5zCRhs/VsQYRvrXctxktVXZUkixw==

has-flag@^3.0.0:
  version "3.0.0"
  resolved "https://registry.npmjs.org/has-flag/-/has-flag-3.0.0.tgz"
  integrity sha1-tdRU3CGZriJWmfNGfloH87lVuv0=

has-flag@^4.0.0:
  version "4.0.0"
  resolved "https://registry.npmjs.org/has-flag/-/has-flag-4.0.0.tgz"
  integrity sha512-EykJT/Q1KjTWctppgIAgfSO0tKVuZUjhgMr17kqTumMl6Afv3EISleU7qZUzoXDFTAHTDC4NOoG/ZxU3EvlMPQ==

has@^1.0.3:
  version "1.0.3"
  resolved "https://registry.npmjs.org/has/-/has-1.0.3.tgz"
  integrity sha512-f2dvO0VU6Oej7RkWJGrehjbzMAjFp5/VKPp5tTpWIV4JHHZK1/BxbFRtf/siA2SWTe09caDmVtYYzWEIbBS4zw==
  dependencies:
    function-bind "^1.1.1"

html-tags@^3.1.0:
  version "3.1.0"
  resolved "https://registry.npmjs.org/html-tags/-/html-tags-3.1.0.tgz"
  integrity sha512-1qYz89hW3lFDEazhjW0yVAV87lw8lVkrJocr72XmBkMKsoSVJCQx3W8BXsC7hO2qAt8BoVjYjtAcZ9perqGnNg==

indexes-of@^1.0.1:
  version "1.0.1"
  resolved "https://registry.npmjs.org/indexes-of/-/indexes-of-1.0.1.tgz"
  integrity sha1-8w9xbI4r00bHtn0985FVZqfAVgc=

inflight@^1.0.4:
  version "1.0.6"
  resolved "https://registry.npmjs.org/inflight/-/inflight-1.0.6.tgz"
  integrity sha1-Sb1jMdfQLQwJvJEKEHW6gWW1bfk=
  dependencies:
    once "^1.3.0"
    wrappy "1"

inherits@2:
  version "2.0.4"
  resolved "https://registry.npmjs.org/inherits/-/inherits-2.0.4.tgz"
  integrity sha512-k/vGaX4/Yla3WzyMCvTQOXYeIHvqOKtnqBduzTHpzpQZzAskKMhZ2K+EnBiSM9zGSoIFeMpXKxa4dYeZIQqewQ==

is-arrayish@^0.3.1:
  version "0.3.2"
  resolved "https://registry.npmjs.org/is-arrayish/-/is-arrayish-0.3.2.tgz"
  integrity sha512-eVRqCvVlZbuw3GrM63ovNSNAeA1K16kaR/LRY/92w0zxQ5/1YzwblUX652i4Xs9RwAGjW9d9y6X88t8OaAJfWQ==

is-core-module@^2.1.0:
  version "2.2.0"
  resolved "https://registry.npmjs.org/is-core-module/-/is-core-module-2.2.0.tgz"
  integrity sha512-XRAfAdyyY5F5cOXn7hYQDqh2Xmii+DEfIcQGxK/uNwMHhIkPWO0g8msXcbzLe+MpGoR951MlqM/2iIlU4vKDdQ==
  dependencies:
    has "^1.0.3"

"js-tokens@^3.0.0 || ^4.0.0":
  version "4.0.0"
  resolved "https://registry.npmjs.org/js-tokens/-/js-tokens-4.0.0.tgz"
  integrity sha512-RdJUflcE3cUzKiMqQgsCu06FPu9UdIJO0beYbPhHN4k6apgJtifcoCtT9bcxOpYBtpD2kCM6Sbzg4CausW/PKQ==

jsonfile@^6.0.1:
  version "6.1.0"
  resolved "https://registry.npmjs.org/jsonfile/-/jsonfile-6.1.0.tgz"
  integrity sha512-5dgndWOriYSm5cnYaJNhalLNDKOqFwyDB/rr1E9ZsGciGvKPs8R2xYGCacuf3z6K1YKDz182fd+fY3cn3pMqXQ==
  dependencies:
    universalify "^2.0.0"
  optionalDependencies:
    graceful-fs "^4.1.6"

lodash.toarray@^4.4.0:
  version "4.4.0"
  resolved "https://registry.npmjs.org/lodash.toarray/-/lodash.toarray-4.4.0.tgz"
  integrity sha1-JMS/zWsvuji/0FlNsRedjptlZWE=

lodash@^4.17.20:
  version "4.17.21"
  resolved "https://registry.npmjs.org/lodash/-/lodash-4.17.21.tgz"
  integrity sha512-v2kDEe57lecTulaDIuNTPy3Ry4gLGJ6Z1O3vE1krgXZNrsQ+LFTGHVxVjcXPs17LhbZVGedAJv8XZ1tvj5FvSg==

loose-envify@^1.1.0:
  version "1.4.0"
  resolved "https://registry.npmjs.org/loose-envify/-/loose-envify-1.4.0.tgz"
  integrity sha512-lyuxPGr/Wfhrlem2CL/UcnUc1zcqKAImBDzukY7Y5F/yQiNdko6+fRLevlw1HgMySw7f611UIY408EtxRSoK3Q==
  dependencies:
    js-tokens "^3.0.0 || ^4.0.0"

minimatch@^3.0.4:
  version "3.0.4"
  resolved "https://registry.npmjs.org/minimatch/-/minimatch-3.0.4.tgz"
  integrity sha512-yJHVQEhyqPLUTgt9B83PXu6W3rx4MvvHvSUvToogpwoGDOUQ+yDrR0HRot+yOCdCO7u4hX3pWft6kWBBcqh0UA==
  dependencies:
    brace-expansion "^1.1.7"

minimist@^1.1.1:
  version "1.2.5"
  resolved "https://registry.npmjs.org/minimist/-/minimist-1.2.5.tgz"
  integrity sha512-FM9nNUYrRBAELZQT3xeZQ7fmMOBg6nWNmJKTcgsJeaLstP/UODVpGsr5OhXhhXg6f+qtJ8uiZ+PUxkDWcgIXLw==

modern-normalize@^1.0.0:
  version "1.0.0"
  resolved "https://registry.npmjs.org/modern-normalize/-/modern-normalize-1.0.0.tgz"
  integrity sha512-1lM+BMLGuDfsdwf3rsgBSrxJwAZHFIrQ8YR61xIqdHo0uNKI9M52wNpHSrliZATJp51On6JD0AfRxd4YGSU0lw==

nanoid@^3.1.23:
  version "3.1.23"
  resolved "https://registry.npmjs.org/nanoid/-/nanoid-3.1.23.tgz"
  integrity sha512-FiB0kzdP0FFVGDKlRLEQ1BgDzU87dy5NnzjeW9YZNt+/c3+q82EQDUwniSAUxp/F0gFNI1ZhKU1FqYsMuqZVnw==

nanoid@^3.3.4:
  version "3.3.4"
  resolved "https://registry.yarnpkg.com/nanoid/-/nanoid-3.3.4.tgz#730b67e3cd09e2deacf03c027c81c9d9dbc5e8ab"
  integrity sha512-MqBkQh/OHTS2egovRtLk45wEyNXwF+cokD+1YPf9u5VfJiRdAiRwB2froX5Co9Rh20xs4siNPm8naNotSD6RBw==

next@12:
  version "12.2.5"
  resolved "https://registry.yarnpkg.com/next/-/next-12.2.5.tgz#14fb5975e8841fad09553b8ef41fe1393602b717"
  integrity sha512-tBdjqX5XC/oFs/6gxrZhjmiq90YWizUYU6qOWAfat7zJwrwapJ+BYgX2PmiacunXMaRpeVT4vz5MSPSLgNkrpA==
  dependencies:
    "@next/env" "12.2.5"
    "@swc/helpers" "0.4.3"
    caniuse-lite "^1.0.30001332"
    postcss "8.4.14"
    styled-jsx "5.0.4"
    use-sync-external-store "1.2.0"
  optionalDependencies:
    "@next/swc-android-arm-eabi" "12.2.5"
    "@next/swc-android-arm64" "12.2.5"
    "@next/swc-darwin-arm64" "12.2.5"
    "@next/swc-darwin-x64" "12.2.5"
    "@next/swc-freebsd-x64" "12.2.5"
    "@next/swc-linux-arm-gnueabihf" "12.2.5"
    "@next/swc-linux-arm64-gnu" "12.2.5"
    "@next/swc-linux-arm64-musl" "12.2.5"
    "@next/swc-linux-x64-gnu" "12.2.5"
    "@next/swc-linux-x64-musl" "12.2.5"
    "@next/swc-win32-arm64-msvc" "12.2.5"
    "@next/swc-win32-ia32-msvc" "12.2.5"
    "@next/swc-win32-x64-msvc" "12.2.5"

node-emoji@^1.8.1:
  version "1.10.0"
  resolved "https://registry.npmjs.org/node-emoji/-/node-emoji-1.10.0.tgz"
  integrity sha512-Yt3384If5H6BYGVHiHwTL+99OzJKHhgp82S8/dktEK73T26BazdgZ4JZh92xSVtGNJvz9UbXdNAc5hcrXV42vw==
  dependencies:
    lodash.toarray "^4.4.0"

node-releases@^1.1.71:
  version "1.1.72"
  resolved "https://registry.npmjs.org/node-releases/-/node-releases-1.1.72.tgz"
  integrity sha512-LLUo+PpH3dU6XizX3iVoubUNheF/owjXCZZ5yACDxNnPtgFuludV1ZL3ayK1kVep42Rmm0+R9/Y60NQbZ2bifw==

normalize-range@^0.1.2:
  version "0.1.2"
  resolved "https://registry.npmjs.org/normalize-range/-/normalize-range-0.1.2.tgz"
  integrity sha1-LRDAa9/TEuqXd2laTShDlFa3WUI=

object-assign@^4.1.1:
  version "4.1.1"
  resolved "https://registry.npmjs.org/object-assign/-/object-assign-4.1.1.tgz"
  integrity sha1-IQmtx5ZYh8/AXLvUQsrIv7s2CGM=

object-hash@^2.0.3:
  version "2.1.1"
  resolved "https://registry.npmjs.org/object-hash/-/object-hash-2.1.1.tgz"
  integrity sha512-VOJmgmS+7wvXf8CjbQmimtCnEx3IAoLxI3fp2fbWehxrWBcAQFbk+vcwb6vzR0VZv/eNCJ/27j151ZTwqW/JeQ==

once@^1.3.0:
  version "1.4.0"
  resolved "https://registry.npmjs.org/once/-/once-1.4.0.tgz"
  integrity sha1-WDsap3WWHUsROsF9nFC6753Xa9E=
  dependencies:
    wrappy "1"

path-is-absolute@^1.0.0:
  version "1.0.1"
  resolved "https://registry.npmjs.org/path-is-absolute/-/path-is-absolute-1.0.1.tgz"
  integrity sha1-F0uSaHNVNP+8es5r9TpanhtcX18=

path-parse@^1.0.6:
  version "1.0.6"
  resolved "https://registry.npmjs.org/path-parse/-/path-parse-1.0.6.tgz"
  integrity sha512-GSmOT2EbHrINBf9SR7CDELwlJ8AENk3Qn7OikK4nFYAu3Ote2+JYNVvkpAEQm3/TLNEJFD/xZJjzyxg3KBWOzw==

picocolors@^1.0.0:
  version "1.0.0"
  resolved "https://registry.yarnpkg.com/picocolors/-/picocolors-1.0.0.tgz#cb5bdc74ff3f51892236eaf79d68bc44564ab81c"
  integrity sha512-1fygroTLlHu66zi26VoTDv8yRgm0Fccecssto+MhsZ0D/DGW2sm8E8AjW7NU5VVTRt5GxbeZ5qBuJr+HyLYkjQ==

postcss-functions@^3:
  version "3.0.0"
  resolved "https://registry.npmjs.org/postcss-functions/-/postcss-functions-3.0.0.tgz"
  integrity sha1-DpTQFERwCkgd4g3k1V+yZAVkJQ4=
  dependencies:
    glob "^7.1.2"
    object-assign "^4.1.1"
    postcss "^6.0.9"
    postcss-value-parser "^3.3.0"

postcss-js@^3.0.3:
  version "3.0.3"
  resolved "https://registry.npmjs.org/postcss-js/-/postcss-js-3.0.3.tgz"
  integrity sha512-gWnoWQXKFw65Hk/mi2+WTQTHdPD5UJdDXZmX073EY/B3BWnYjO4F4t0VneTCnCGQ5E5GsCdMkzPaTXwl3r5dJw==
  dependencies:
    camelcase-css "^2.0.1"
    postcss "^8.1.6"

postcss-nested@^5.0.1:
  version "5.0.3"
  resolved "https://registry.npmjs.org/postcss-nested/-/postcss-nested-5.0.3.tgz"
  integrity sha512-R2LHPw+u5hFfDgJG748KpGbJyTv7Yr33/2tIMWxquYuHTd9EXu27PYnKi7BxMXLtzKC0a0WVsqHtd7qIluQu/g==
  dependencies:
    postcss-selector-parser "^6.0.4"

postcss-selector-parser@^6.0.2, postcss-selector-parser@^6.0.4:
  version "6.0.4"
  resolved "https://registry.npmjs.org/postcss-selector-parser/-/postcss-selector-parser-6.0.4.tgz"
  integrity sha512-gjMeXBempyInaBqpp8gODmwZ52WaYsVOsfr4L4lDQ7n3ncD6mEyySiDtgzCT+NYC0mmeOLvtsF8iaEf0YT6dBw==
  dependencies:
    cssesc "^3.0.0"
    indexes-of "^1.0.1"
    uniq "^1.0.1"
    util-deprecate "^1.0.2"

postcss-value-parser@^3.3.0:
  version "3.3.1"
  resolved "https://registry.npmjs.org/postcss-value-parser/-/postcss-value-parser-3.3.1.tgz"
  integrity sha512-pISE66AbVkp4fDQ7VHBwRNXzAAKJjw4Vw7nWI/+Q3vuly7SNfgYXvm6i5IgFylHGK5sP/xHAbB7N49OS4gWNyQ==

postcss-value-parser@^4.1.0:
  version "4.1.0"
  resolved "https://registry.npmjs.org/postcss-value-parser/-/postcss-value-parser-4.1.0.tgz"
  integrity sha512-97DXOFbQJhk71ne5/Mt6cOu6yxsSfM0QGQyl0L25Gca4yGWEGJaig7l7gbCX623VqTBNGLRLaVUCnNkcedlRSQ==

postcss@8.4.14:
  version "8.4.14"
  resolved "https://registry.yarnpkg.com/postcss/-/postcss-8.4.14.tgz#ee9274d5622b4858c1007a74d76e42e56fd21caf"
  integrity sha512-E398TUmfAYFPBSdzgeieK2Y1+1cpdxJx8yXbK/m57nRhKSmk1GB2tO4lbLBtlkfPQTDKfe4Xqv1ASWPpayPEig==
  dependencies:
    nanoid "^3.3.4"
    picocolors "^1.0.0"
    source-map-js "^1.0.2"

postcss@^6.0.9:
  version "6.0.23"
  resolved "https://registry.npmjs.org/postcss/-/postcss-6.0.23.tgz"
  integrity sha512-soOk1h6J3VMTZtVeVpv15/Hpdl2cBLX3CAw4TAbkpTJiNPk9YP/zWcD1ND+xEtvyuuvKzbxliTOIyvkSeSJ6ag==
  dependencies:
    chalk "^2.4.1"
    source-map "^0.6.1"
    supports-color "^5.4.0"

postcss@^8.1.6, postcss@^8.2.1:
  version "8.3.0"
  resolved "https://registry.npmjs.org/postcss/-/postcss-8.3.0.tgz"
  integrity sha512-+ogXpdAjWGa+fdYY5BQ96V/6tAo+TdSSIMP5huJBIygdWwKtVoB5JWZ7yUd4xZ8r+8Kvvx4nyg/PQ071H4UtcQ==
  dependencies:
    colorette "^1.2.2"
    nanoid "^3.1.23"
    source-map-js "^0.6.2"

pretty-hrtime@^1.0.3:
  version "1.0.3"
  resolved "https://registry.npmjs.org/pretty-hrtime/-/pretty-hrtime-1.0.3.tgz"
  integrity sha1-t+PqQkNaTJsnWdmeDyAesZWALuE=

purgecss@^3.1.3:
  version "3.1.3"
  resolved "https://registry.npmjs.org/purgecss/-/purgecss-3.1.3.tgz"
  integrity sha512-hRSLN9mguJ2lzlIQtW4qmPS2kh6oMnA9RxdIYK8sz18QYqd6ePp4GNDl18oWHA1f2v2NEQIh51CO8s/E3YGckQ==
  dependencies:
    commander "^6.0.0"
    glob "^7.0.0"
    postcss "^8.2.1"
    postcss-selector-parser "^6.0.2"

react-dom@^18.2.0:
  version "18.2.0"
  resolved "https://registry.yarnpkg.com/react-dom/-/react-dom-18.2.0.tgz#22aaf38708db2674ed9ada224ca4aa708d821e3d"
  integrity sha512-6IMTriUmvsjHUjNtEDudZfuDQUoWXVxKHhlEGSk81n4YFS+r/Kl99wXiwlVXtPBtJenozv2P+hxDsw9eA7Xo6g==
  dependencies:
    loose-envify "^1.1.0"
    scheduler "^0.23.0"

react@^18.2.0:
  version "18.2.0"
  resolved "https://registry.yarnpkg.com/react/-/react-18.2.0.tgz#555bd98592883255fa00de14f1151a917b5d77d5"
  integrity sha512-/3IjMdb2L9QbBdWiW5e3P2/npwMBaU9mHCSCUzNln0ZCYbcfTsGbTJrU/kGemdH2IWmB2ioZ+zkxtmq6g09fGQ==
  dependencies:
    loose-envify "^1.1.0"

reduce-css-calc@^2.1.6:
  version "2.1.7"
  resolved "https://registry.npmjs.org/reduce-css-calc/-/reduce-css-calc-2.1.7.tgz"
  integrity sha512-fDnlZ+AybAS3C7Q9xDq5y8A2z+lT63zLbynew/lur/IR24OQF5x98tfNwf79mzEdfywZ0a2wpM860FhFfMxZlA==
  dependencies:
    css-unit-converter "^1.1.1"
    postcss-value-parser "^3.3.0"

resolve@^1.19.0:
  version "1.19.0"
  resolved "https://registry.npmjs.org/resolve/-/resolve-1.19.0.tgz"
  integrity sha512-rArEXAgsBG4UgRGcynxWIWKFvh/XZCcS8UJdHhwy91zwAvCZIbcs+vAbflgBnNjYMs/i/i+/Ux6IZhML1yPvxg==
  dependencies:
    is-core-module "^2.1.0"
    path-parse "^1.0.6"

scheduler@^0.23.0:
  version "0.23.0"
  resolved "https://registry.yarnpkg.com/scheduler/-/scheduler-0.23.0.tgz#ba8041afc3d30eb206a487b6b384002e4e61fdfe"
  integrity sha512-CtuThmgHNg7zIZWAXi3AsyIzA3n4xx7aNyjwC2VJldO2LMVDhFK+63xGqq6CsJH4rTAt6/M+N4GhZiDYPx9eUw==
  dependencies:
    loose-envify "^1.1.0"

simple-swizzle@^0.2.2:
  version "0.2.2"
  resolved "https://registry.npmjs.org/simple-swizzle/-/simple-swizzle-0.2.2.tgz"
  integrity sha1-pNprY1/8zMoz9w0Xy5JZLeleVXo=
  dependencies:
    is-arrayish "^0.3.1"

source-map-js@^0.6.2:
  version "0.6.2"
  resolved "https://registry.npmjs.org/source-map-js/-/source-map-js-0.6.2.tgz"
  integrity sha512-/3GptzWzu0+0MBQFrDKzw/DvvMTUORvgY6k6jd/VS6iCR4RDTKWH6v6WPwQoUO8667uQEf9Oe38DxAYWY5F/Ug==

source-map-js@^1.0.2:
  version "1.0.2"
  resolved "https://registry.yarnpkg.com/source-map-js/-/source-map-js-1.0.2.tgz#adbc361d9c62df380125e7f161f71c826f1e490c"
  integrity sha512-R0XvVJ9WusLiqTCEiGCmICCMplcCkIwwR11mOSD9CR5u+IXYdiseeEuXCVAjS54zqwkLcPNnmU4OeJ6tUrWhDw==

source-map@^0.6.1:
  version "0.6.1"
  resolved "https://registry.npmjs.org/source-map/-/source-map-0.6.1.tgz"
  integrity sha512-UjgapumWlbMhkBgzT7Ykc5YXUT46F0iKu8SGXq0bcwP5dz/h0Plj6enJqjz1Zbq2l5WaqYnrVbwWOWMyF3F47g==

styled-jsx@5.0.4:
  version "5.0.4"
  resolved "https://registry.yarnpkg.com/styled-jsx/-/styled-jsx-5.0.4.tgz#5b1bd0b9ab44caae3dd1361295559706e044aa53"
  integrity sha512-sDFWLbg4zR+UkNzfk5lPilyIgtpddfxXEULxhujorr5jtePTUqiPDc5BC0v1NRqTr/WaFBGQQUoYToGlF4B2KQ==

supports-color@^5.3.0, supports-color@^5.4.0:
  version "5.5.0"
  resolved "https://registry.npmjs.org/supports-color/-/supports-color-5.5.0.tgz"
  integrity sha512-QjVjwdXIt408MIiAqCX4oUKsgU2EqAGzs2Ppkm4aQYbjm+ZEWEcW4SfFNTr4uMNZma0ey4f5lgLrkB0aX0QMow==
  dependencies:
    has-flag "^3.0.0"

supports-color@^7.1.0:
  version "7.2.0"
  resolved "https://registry.npmjs.org/supports-color/-/supports-color-7.2.0.tgz"
  integrity sha512-qpCAvRl9stuOHveKsn7HncJRvv501qIacKzQlO/+Lwxc9+0q2wLyv4Dfvt80/DPn2pqOBsJdDiogXGR9+OvwRw==
  dependencies:
    has-flag "^4.0.0"

tailwindcss@^2.0.2:
  version "2.0.2"
  resolved "https://registry.npmjs.org/tailwindcss/-/tailwindcss-2.0.2.tgz"
  integrity sha512-nO9JRE1pO7SF9RnYAl6g7uzeHdrmKAFqNjT9NtZUfxqimJZAOOLOEyIEUiMq12+xIc7mC2Ey3Vf90XjHpWKfbw==
  dependencies:
    "@fullhuman/postcss-purgecss" "^3.0.0"
    bytes "^3.0.0"
    chalk "^4.1.0"
    color "^3.1.3"
    detective "^5.2.0"
    didyoumean "^1.2.1"
    fs-extra "^9.0.1"
    html-tags "^3.1.0"
    lodash "^4.17.20"
    modern-normalize "^1.0.0"
    node-emoji "^1.8.1"
    object-hash "^2.0.3"
    postcss-functions "^3"
    postcss-js "^3.0.3"
    postcss-nested "^5.0.1"
    postcss-selector-parser "^6.0.4"
    postcss-value-parser "^4.1.0"
    pretty-hrtime "^1.0.3"
    reduce-css-calc "^2.1.6"
    resolve "^1.19.0"

tslib@^2.4.0:
  version "2.4.0"
  resolved "https://registry.yarnpkg.com/tslib/-/tslib-2.4.0.tgz#7cecaa7f073ce680a05847aa77be941098f36dc3"
  integrity sha512-d6xOpEDfsi2CZVlPQzGeux8XMwLT9hssAsaPYExaQMuYskwb+x1x7J371tWlbBdWHroy99KnVB6qIkUbs5X3UQ==

uniq@^1.0.1:
  version "1.0.1"
  resolved "https://registry.npmjs.org/uniq/-/uniq-1.0.1.tgz"
  integrity sha1-sxxa6CVIRKOoKBVBzisEuGWnNP8=

universalify@^1.0.0:
  version "1.0.0"
  resolved "https://registry.npmjs.org/universalify/-/universalify-1.0.0.tgz"
  integrity sha512-rb6X1W158d7pRQBg5gkR8uPaSfiids68LTJQYOtEUhoJUWBdaQHsuT/EUduxXYxcrt4r5PJ4fuHW1MHT6p0qug==

universalify@^2.0.0:
  version "2.0.0"
  resolved "https://registry.npmjs.org/universalify/-/universalify-2.0.0.tgz"
  integrity sha512-hAZsKq7Yy11Zu1DE0OzWjw7nnLZmJZYTDZZyEFHZdUhV8FkH5MCfoU1XMaxXovpyW5nq5scPqq0ZDP9Zyl04oQ==

use-sync-external-store@1.2.0:
  version "1.2.0"
  resolved "https://registry.yarnpkg.com/use-sync-external-store/-/use-sync-external-store-1.2.0.tgz#7dbefd6ef3fe4e767a0cf5d7287aacfb5846928a"
  integrity sha512-eEgnFxGQ1Ife9bzYs6VLi8/4X6CObHMw9Qr9tPY43iKwsPw8xE8+EFsf/2cFZ5S3esXgpWgtSCtLNS41F+sKPA==

util-deprecate@^1.0.2:
  version "1.0.2"
  resolved "https://registry.npmjs.org/util-deprecate/-/util-deprecate-1.0.2.tgz"
  integrity sha1-RQ1Nyfpw3nMnYvvS1KKJgUGaDM8=

wrappy@1:
  version "1.0.2"
  resolved "https://registry.npmjs.org/wrappy/-/wrappy-1.0.2.tgz"
  integrity sha1-tSQ9jz7BqjXxNkYFvA0QNuMKtp8=

xtend@^4.0.2:
  version "4.0.2"
  resolved "https://registry.npmjs.org/xtend/-/xtend-4.0.2.tgz"
  integrity sha512-LKYU1iAXJXUgAXn9URjiu+MWhyUXHsvfp7mcuYm9dSUKK0/CjtrUwFAxD82/mCWbtLsGjFIad0wIsod4zrTAEQ==
